
Microsoft Visual Studio Solution File, Format Version 12.00
# Visual Studio 15
VisualStudioVersion = 15.0.27004.2005
MinimumVisualStudioVersion = 10.0.40219.1
Project("{FAE04EC0-301F-11D3-BF4B-00C04F79EFBC}") = "MyAlbumExplorer", "MyAlbumExplorer\MyAlbumExplorer.csproj", "{ABC9666E-B951-4545-9C40-0B687A0CB4B5}"
EndProject
Project("{FAE04EC0-301F-11D3-BF4B-00C04F79EFBC}") = "MyPhotoAlbum", "..\photo-tool-nin-tamanh\MyPhotos\MyPhotoAlbum\MyPhotoAlbum.csproj", "{BA28F54E-5817-4900-A0D6-621702D8E6C9}"
EndProject
Project("{FAE04EC0-301F-11D3-BF4B-00C04F79EFBC}") = "MyPhotoControls", "..\photo-tool-nin-tamanh\MyPhotos\MyPhotoControls\MyPhotoControls.csproj", "{ABE505EF-7036-49D3-AD12-F0C44552FFD5}"
EndProject
Global
	GlobalSection(SolutionConfigurationPlatforms) = preSolution
		Debug|Any CPU = Debug|Any CPU
		Release|Any CPU = Release|Any CPU
	EndGlobalSection
	GlobalSection(ProjectConfigurationPlatforms) = postSolution
		{ABC9666E-B951-4545-9C40-0B687A0CB4B5}.Debug|Any CPU.ActiveCfg = Debug|Any CPU
		{ABC9666E-B951-4545-9C40-0B687A0CB4B5}.Debug|Any CPU.Build.0 = Debug|Any CPU
		{ABC9666E-B951-4545-9C40-0B687A0CB4B5}.Release|Any CPU.ActiveCfg = Release|Any CPU
		{ABC9666E-B951-4545-9C40-0B687A0CB4B5}.Release|Any CPU.Build.0 = Release|Any CPU
		{BA28F54E-5817-4900-A0D6-621702D8E6C9}.Debug|Any CPU.ActiveCfg = Debug|Any CPU
		{BA28F54E-5817-4900-A0D6-621702D8E6C9}.Debug|Any CPU.Build.0 = Debug|Any CPU
		{BA28F54E-5817-4900-A0D6-621702D8E6C9}.Release|Any CPU.ActiveCfg = Release|Any CPU
		{BA28F54E-5817-4900-A0D6-621702D8E6C9}.Release|Any CPU.Build.0 = Release|Any CPU
		{ABE505EF-7036-49D3-AD12-F0C44552FFD5}.Debug|Any CPU.ActiveCfg = Debug|Any CPU
		{ABE505EF-7036-49D3-AD12-F0C44552FFD5}.Debug|Any CPU.Build.0 = Debug|Any CPU
		{ABE505EF-7036-49D3-AD12-F0C44552FFD5}.Release|Any CPU.ActiveCfg = Release|Any CPU
		{ABE505EF-7036-49D3-AD12-F0C44552FFD5}.Release|Any CPU.Build.0 = Release|Any CPU
	EndGlobalSection
	GlobalSection(SolutionProperties) = preSolution
		HideSolutionNode = FALSE
	EndGlobalSection
	GlobalSection(ExtensibilityGlobals) = postSolution
		SolutionGuid = {0CC6708F-5F79-4858-AF5F-E87D71066F98}
	EndGlobalSection
EndGlobal
